// !$*UTF8*$!
{
	archiveVersion = 1;
	classes = {
	};
	objectVersion = 46;
	objects = {

/* Begin PBXBuildFile section */
		DB102722182D4D130027BC4E /* DTOverlayDetailViewController.m in Sources */ = {isa = PBXBuildFile; fileRef = DB102721182D4D130027BC4E /* DTOverlayDetailViewController.m */; };
		DB2D2DCF1827EC6B00F8BD96 /* DTiPadViewController.m in Sources */ = {isa = PBXBuildFile; fileRef = DB2D2DCE1827EC6B00F8BD96 /* DTiPadViewController.m */; };
		DB557E73183261D9004C94D5 /* DTImprovedSpeedTester.m in Sources */ = {isa = PBXBuildFile; fileRef = DB557E72183261D9004C94D5 /* DTImprovedSpeedTester.m */; };
		DB7BEA40181D81CA004655B2 /* DTMMergableOverlay.m in Sources */ = {isa = PBXBuildFile; fileRef = DB7BEA3F181D81CA004655B2 /* DTMMergableOverlay.m */; };
		DB7BEA43181F3EE5004655B2 /* DTSettingsViewController.m in Sources */ = {isa = PBXBuildFile; fileRef = DB7BEA42181F3EE5004655B2 /* DTSettingsViewController.m */; };
		DB9525E417FF81DD00D09B9E /* DTSpeedTester.m in Sources */ = {isa = PBXBuildFile; fileRef = DB9525E317FF81DD00D09B9E /* DTSpeedTester.m */; };
		DBBD662818DE600900726B9D /* iAd.framework in Frameworks */ = {isa = PBXBuildFile; fileRef = DBBD662718DE600900726B9D /* iAd.framework */; };
		DBCEAC2818DEF7BD00FFBAF8 /* MainStoryboard.storyboard in Resources */ = {isa = PBXBuildFile; fileRef = DBCEAC2718DEF7BD00FFBAF8 /* MainStoryboard.storyboard */; };
		DBCEAC2A18DF00EF00FFBAF8 /* libz.dylib in Frameworks */ = {isa = PBXBuildFile; fileRef = DBCEAC2918DF00EF00FFBAF8 /* libz.dylib */; };
		DBCEAC2C18DF010500FFBAF8 /* AdSupport.framework in Frameworks */ = {isa = PBXBuildFile; fileRef = DBCEAC2B18DF010500FFBAF8 /* AdSupport.framework */; };
		DBCEAC3718DF01F300FFBAF8 /* libGoogleAnalyticsServices.a in Frameworks */ = {isa = PBXBuildFile; fileRef = DBCEAC3618DF01F300FFBAF8 /* libGoogleAnalyticsServices.a */; };
		DBF8C49B18132A73001911C9 /* DTMergableCircleOverlay.m in Sources */ = {isa = PBXBuildFile; fileRef = DBF8C49A18132A73001911C9 /* DTMergableCircleOverlay.m */; };
		DBF8C49E18134454001911C9 /* DTMergableRenderer.m in Sources */ = {isa = PBXBuildFile; fileRef = DBF8C49D18134454001911C9 /* DTMergableRenderer.m */; };
		DBF984E117FF2E2D00A75DF1 /* Foundation.framework in Frameworks */ = {isa = PBXBuildFile; fileRef = DBF984E017FF2E2D00A75DF1 /* Foundation.framework */; };
		DBF984E317FF2E2D00A75DF1 /* CoreGraphics.framework in Frameworks */ = {isa = PBXBuildFile; fileRef = DBF984E217FF2E2D00A75DF1 /* CoreGraphics.framework */; };
		DBF984E517FF2E2D00A75DF1 /* UIKit.framework in Frameworks */ = {isa = PBXBuildFile; fileRef = DBF984E417FF2E2D00A75DF1 /* UIKit.framework */; };
		DBF984E717FF2E2D00A75DF1 /* CoreData.framework in Frameworks */ = {isa = PBXBuildFile; fileRef = DBF984E617FF2E2D00A75DF1 /* CoreData.framework */; };
		DBF984ED17FF2E2D00A75DF1 /* InfoPlist.strings in Resources */ = {isa = PBXBuildFile; fileRef = DBF984EB17FF2E2D00A75DF1 /* InfoPlist.strings */; };
		DBF984EF17FF2E2D00A75DF1 /* main.m in Sources */ = {isa = PBXBuildFile; fileRef = DBF984EE17FF2E2D00A75DF1 /* main.m */; };
		DBF984F317FF2E2D00A75DF1 /* DTAppDelegate.m in Sources */ = {isa = PBXBuildFile; fileRef = DBF984F217FF2E2D00A75DF1 /* DTAppDelegate.m */; };
		DBF984F617FF2E2D00A75DF1 /* DataTracker.xcdatamodeld in Sources */ = {isa = PBXBuildFile; fileRef = DBF984F417FF2E2D00A75DF1 /* DataTracker.xcdatamodeld */; };
		DBF984F817FF2E2D00A75DF1 /* Images.xcassets in Resources */ = {isa = PBXBuildFile; fileRef = DBF984F717FF2E2D00A75DF1 /* Images.xcassets */; };
		DBF984FF17FF2E2D00A75DF1 /* XCTest.framework in Frameworks */ = {isa = PBXBuildFile; fileRef = DBF984FE17FF2E2D00A75DF1 /* XCTest.framework */; };
		DBF9850017FF2E2D00A75DF1 /* Foundation.framework in Frameworks */ = {isa = PBXBuildFile; fileRef = DBF984E017FF2E2D00A75DF1 /* Foundation.framework */; };
		DBF9850117FF2E2D00A75DF1 /* UIKit.framework in Frameworks */ = {isa = PBXBuildFile; fileRef = DBF984E417FF2E2D00A75DF1 /* UIKit.framework */; };
		DBF9850217FF2E2D00A75DF1 /* CoreData.framework in Frameworks */ = {isa = PBXBuildFile; fileRef = DBF984E617FF2E2D00A75DF1 /* CoreData.framework */; };
		DBF9850A17FF2E2E00A75DF1 /* InfoPlist.strings in Resources */ = {isa = PBXBuildFile; fileRef = DBF9850817FF2E2E00A75DF1 /* InfoPlist.strings */; };
		DBF9850C17FF2E2E00A75DF1 /* DataTrackerTests.m in Sources */ = {isa = PBXBuildFile; fileRef = DBF9850B17FF2E2E00A75DF1 /* DataTrackerTests.m */; };
		DBF9851717FF2E3E00A75DF1 /* DTMainViewController.m in Sources */ = {isa = PBXBuildFile; fileRef = DBF9851617FF2E3E00A75DF1 /* DTMainViewController.m */; };
		DBF9851C17FF2EC200A75DF1 /* DTMapViewDelegate.m in Sources */ = {isa = PBXBuildFile; fileRef = DBF9851B17FF2EC200A75DF1 /* DTMapViewDelegate.m */; };
		DBF9851F17FF300500A75DF1 /* DTLocationDelegate.m in Sources */ = {isa = PBXBuildFile; fileRef = DBF9851E17FF300500A75DF1 /* DTLocationDelegate.m */; };
		DBF9852117FF3D2D00A75DF1 /* MapKit.framework in Frameworks */ = {isa = PBXBuildFile; fileRef = DBF9852017FF3D2D00A75DF1 /* MapKit.framework */; };
		DBF9852317FF3D4400A75DF1 /* CoreLocation.framework in Frameworks */ = {isa = PBXBuildFile; fileRef = DBF9852217FF3D4400A75DF1 /* CoreLocation.framework */; };
		DBF9852517FF49CA00A75DF1 /* SystemConfiguration.framework in Frameworks */ = {isa = PBXBuildFile; fileRef = DBF9852417FF49CA00A75DF1 /* SystemConfiguration.framework */; };
		DBF9852817FF4A3200A75DF1 /* Reachability.m in Sources */ = {isa = PBXBuildFile; fileRef = DBF9852717FF4A3200A75DF1 /* Reachability.m */; };
/* End PBXBuildFile section */

/* Begin PBXContainerItemProxy section */
		DBF9850317FF2E2D00A75DF1 /* PBXContainerItemProxy */ = {
			isa = PBXContainerItemProxy;
			containerPortal = DBF984D517FF2E2D00A75DF1 /* Project object */;
			proxyType = 1;
			remoteGlobalIDString = DBF984DC17FF2E2D00A75DF1;
			remoteInfo = DataTracker;
		};
/* End PBXContainerItemProxy section */

/* Begin PBXFileReference section */
		DB102720182D4D130027BC4E /* DTOverlayDetailViewController.h */ = {isa = PBXFileReference; fileEncoding = 4; lastKnownFileType = sourcecode.c.h; name = DTOverlayDetailViewController.h; path = ../DTOverlayDetailViewController.h; sourceTree = "<group>"; };
		DB102721182D4D130027BC4E /* DTOverlayDetailViewController.m */ = {isa = PBXFileReference; fileEncoding = 4; lastKnownFileType = sourcecode.c.objc; name = DTOverlayDetailViewController.m; path = ../DTOverlayDetailViewController.m; sourceTree = "<group>"; };
		DB2D2DCD1827EC6B00F8BD96 /* DTiPadViewController.h */ = {isa = PBXFileReference; fileEncoding = 4; lastKnownFileType = sourcecode.c.h; path = DTiPadViewController.h; sourceTree = "<group>"; };
		DB2D2DCE1827EC6B00F8BD96 /* DTiPadViewController.m */ = {isa = PBXFileReference; fileEncoding = 4; lastKnownFileType = sourcecode.c.objc; path = DTiPadViewController.m; sourceTree = "<group>"; };
		DB557E71183261D9004C94D5 /* DTImprovedSpeedTester.h */ = {isa = PBXFileReference; fileEncoding = 4; lastKnownFileType = sourcecode.c.h; path = DTImprovedSpeedTester.h; sourceTree = "<group>"; };
		DB557E72183261D9004C94D5 /* DTImprovedSpeedTester.m */ = {isa = PBXFileReference; fileEncoding = 4; lastKnownFileType = sourcecode.c.objc; path = DTImprovedSpeedTester.m; sourceTree = "<group>"; };
		DB7BEA3E181D81CA004655B2 /* DTMMergableOverlay.h */ = {isa = PBXFileReference; fileEncoding = 4; lastKnownFileType = sourcecode.c.h; path = DTMMergableOverlay.h; sourceTree = "<group>"; };
		DB7BEA3F181D81CA004655B2 /* DTMMergableOverlay.m */ = {isa = PBXFileReference; fileEncoding = 4; lastKnownFileType = sourcecode.c.objc; path = DTMMergableOverlay.m; sourceTree = "<group>"; };
		DB7BEA41181F3EE5004655B2 /* DTSettingsViewController.h */ = {isa = PBXFileReference; fileEncoding = 4; lastKnownFileType = sourcecode.c.h; path = DTSettingsViewController.h; sourceTree = "<group>"; };
		DB7BEA42181F3EE5004655B2 /* DTSettingsViewController.m */ = {isa = PBXFileReference; fileEncoding = 4; lastKnownFileType = sourcecode.c.objc; path = DTSettingsViewController.m; sourceTree = "<group>"; };
		DB9525E217FF81DD00D09B9E /* DTSpeedTester.h */ = {isa = PBXFileReference; fileEncoding = 4; lastKnownFileType = sourcecode.c.h; path = DTSpeedTester.h; sourceTree = "<group>"; };
		DB9525E317FF81DD00D09B9E /* DTSpeedTester.m */ = {isa = PBXFileReference; fileEncoding = 4; lastKnownFileType = sourcecode.c.objc; path = DTSpeedTester.m; sourceTree = "<group>"; };
		DBBD662718DE600900726B9D /* iAd.framework */ = {isa = PBXFileReference; lastKnownFileType = wrapper.framework; name = iAd.framework; path = System/Library/Frameworks/iAd.framework; sourceTree = SDKROOT; };
		DBCEAC2718DEF7BD00FFBAF8 /* MainStoryboard.storyboard */ = {isa = PBXFileReference; fileEncoding = 4; lastKnownFileType = file.storyboard; path = MainStoryboard.storyboard; sourceTree = "<group>"; };
		DBCEAC2918DF00EF00FFBAF8 /* libz.dylib */ = {isa = PBXFileReference; lastKnownFileType = "compiled.mach-o.dylib"; name = libz.dylib; path = usr/lib/libz.dylib; sourceTree = SDKROOT; };
		DBCEAC2B18DF010500FFBAF8 /* AdSupport.framework */ = {isa = PBXFileReference; lastKnownFileType = wrapper.framework; name = AdSupport.framework; path = System/Library/Frameworks/AdSupport.framework; sourceTree = SDKROOT; };
		DBCEAC3018DF01E700FFBAF8 /* GAI.h */ = {isa = PBXFileReference; fileEncoding = 4; lastKnownFileType = sourcecode.c.h; path = GAI.h; sourceTree = "<group>"; };
		DBCEAC3118DF01E700FFBAF8 /* GAIDictionaryBuilder.h */ = {isa = PBXFileReference; fileEncoding = 4; lastKnownFileType = sourcecode.c.h; path = GAIDictionaryBuilder.h; sourceTree = "<group>"; };
		DBCEAC3218DF01E700FFBAF8 /* GAIFields.h */ = {isa = PBXFileReference; fileEncoding = 4; lastKnownFileType = sourcecode.c.h; path = GAIFields.h; sourceTree = "<group>"; };
		DBCEAC3318DF01E700FFBAF8 /* GAILogger.h */ = {isa = PBXFileReference; fileEncoding = 4; lastKnownFileType = sourcecode.c.h; path = GAILogger.h; sourceTree = "<group>"; };
		DBCEAC3418DF01E700FFBAF8 /* GAITrackedViewController.h */ = {isa = PBXFileReference; fileEncoding = 4; lastKnownFileType = sourcecode.c.h; path = GAITrackedViewController.h; sourceTree = "<group>"; };
		DBCEAC3518DF01E700FFBAF8 /* GAITracker.h */ = {isa = PBXFileReference; fileEncoding = 4; lastKnownFileType = sourcecode.c.h; path = GAITracker.h; sourceTree = "<group>"; };
		DBCEAC3618DF01F300FFBAF8 /* libGoogleAnalyticsServices.a */ = {isa = PBXFileReference; lastKnownFileType = archive.ar; path = libGoogleAnalyticsServices.a; sourceTree = "<group>"; };
		DBCF2832182ED302000A5A4B /* Signal Tracker.entitlements */ = {isa = PBXFileReference; lastKnownFileType = text.xml; path = "Signal Tracker.entitlements"; sourceTree = SOURCE_ROOT; };
		DBF8C49918132A73001911C9 /* DTMergableCircleOverlay.h */ = {isa = PBXFileReference; fileEncoding = 4; lastKnownFileType = sourcecode.c.h; path = DTMergableCircleOverlay.h; sourceTree = "<group>"; };
		DBF8C49A18132A73001911C9 /* DTMergableCircleOverlay.m */ = {isa = PBXFileReference; fileEncoding = 4; lastKnownFileType = sourcecode.c.objc; path = DTMergableCircleOverlay.m; sourceTree = "<group>"; };
		DBF8C49C18134454001911C9 /* DTMergableRenderer.h */ = {isa = PBXFileReference; fileEncoding = 4; lastKnownFileType = sourcecode.c.h; path = DTMergableRenderer.h; sourceTree = "<group>"; };
		DBF8C49D18134454001911C9 /* DTMergableRenderer.m */ = {isa = PBXFileReference; fileEncoding = 4; lastKnownFileType = sourcecode.c.objc; path = DTMergableRenderer.m; sourceTree = "<group>"; };
		DBF984DD17FF2E2D00A75DF1 /* Signal Tracker.app */ = {isa = PBXFileReference; explicitFileType = wrapper.application; includeInIndex = 0; path = "Signal Tracker.app"; sourceTree = BUILT_PRODUCTS_DIR; };
		DBF984E017FF2E2D00A75DF1 /* Foundation.framework */ = {isa = PBXFileReference; lastKnownFileType = wrapper.framework; name = Foundation.framework; path = System/Library/Frameworks/Foundation.framework; sourceTree = SDKROOT; };
		DBF984E217FF2E2D00A75DF1 /* CoreGraphics.framework */ = {isa = PBXFileReference; lastKnownFileType = wrapper.framework; name = CoreGraphics.framework; path = System/Library/Frameworks/CoreGraphics.framework; sourceTree = SDKROOT; };
		DBF984E417FF2E2D00A75DF1 /* UIKit.framework */ = {isa = PBXFileReference; lastKnownFileType = wrapper.framework; name = UIKit.framework; path = System/Library/Frameworks/UIKit.framework; sourceTree = SDKROOT; };
		DBF984E617FF2E2D00A75DF1 /* CoreData.framework */ = {isa = PBXFileReference; lastKnownFileType = wrapper.framework; name = CoreData.framework; path = System/Library/Frameworks/CoreData.framework; sourceTree = SDKROOT; };
		DBF984EA17FF2E2D00A75DF1 /* Signal Tracker-Info.plist */ = {isa = PBXFileReference; lastKnownFileType = text.plist.xml; path = "Signal Tracker-Info.plist"; sourceTree = "<group>"; };
		DBF984EC17FF2E2D00A75DF1 /* en */ = {isa = PBXFileReference; lastKnownFileType = text.plist.strings; name = en; path = en.lproj/InfoPlist.strings; sourceTree = "<group>"; };
		DBF984EE17FF2E2D00A75DF1 /* main.m */ = {isa = PBXFileReference; lastKnownFileType = sourcecode.c.objc; path = main.m; sourceTree = "<group>"; };
		DBF984F017FF2E2D00A75DF1 /* Signal Tracker-Prefix.pch */ = {isa = PBXFileReference; lastKnownFileType = sourcecode.c.h; path = "Signal Tracker-Prefix.pch"; sourceTree = "<group>"; };
		DBF984F117FF2E2D00A75DF1 /* DTAppDelegate.h */ = {isa = PBXFileReference; lastKnownFileType = sourcecode.c.h; path = DTAppDelegate.h; sourceTree = "<group>"; };
		DBF984F217FF2E2D00A75DF1 /* DTAppDelegate.m */ = {isa = PBXFileReference; lastKnownFileType = sourcecode.c.objc; path = DTAppDelegate.m; sourceTree = "<group>"; };
		DBF984F517FF2E2D00A75DF1 /* DataTracker.xcdatamodel */ = {isa = PBXFileReference; lastKnownFileType = wrapper.xcdatamodel; path = DataTracker.xcdatamodel; sourceTree = "<group>"; };
		DBF984F717FF2E2D00A75DF1 /* Images.xcassets */ = {isa = PBXFileReference; lastKnownFileType = folder.assetcatalog; path = Images.xcassets; sourceTree = "<group>"; };
		DBF984FD17FF2E2D00A75DF1 /* Signal TrackerTests.xctest */ = {isa = PBXFileReference; explicitFileType = wrapper.cfbundle; includeInIndex = 0; path = "Signal TrackerTests.xctest"; sourceTree = BUILT_PRODUCTS_DIR; };
		DBF984FE17FF2E2D00A75DF1 /* XCTest.framework */ = {isa = PBXFileReference; lastKnownFileType = wrapper.framework; name = XCTest.framework; path = Library/Frameworks/XCTest.framework; sourceTree = DEVELOPER_DIR; };
		DBF9850717FF2E2E00A75DF1 /* Signal TrackerTests-Info.plist */ = {isa = PBXFileReference; lastKnownFileType = text.plist.xml; path = "Signal TrackerTests-Info.plist"; sourceTree = "<group>"; };
		DBF9850917FF2E2E00A75DF1 /* en */ = {isa = PBXFileReference; lastKnownFileType = text.plist.strings; name = en; path = en.lproj/InfoPlist.strings; sourceTree = "<group>"; };
		DBF9850B17FF2E2E00A75DF1 /* DataTrackerTests.m */ = {isa = PBXFileReference; lastKnownFileType = sourcecode.c.objc; path = DataTrackerTests.m; sourceTree = "<group>"; };
		DBF9851517FF2E3E00A75DF1 /* DTMainViewController.h */ = {isa = PBXFileReference; fileEncoding = 4; lastKnownFileType = sourcecode.c.h; path = DTMainViewController.h; sourceTree = "<group>"; };
		DBF9851617FF2E3E00A75DF1 /* DTMainViewController.m */ = {isa = PBXFileReference; fileEncoding = 4; lastKnownFileType = sourcecode.c.objc; path = DTMainViewController.m; sourceTree = "<group>"; };
		DBF9851A17FF2EC200A75DF1 /* DTMapViewDelegate.h */ = {isa = PBXFileReference; fileEncoding = 4; lastKnownFileType = sourcecode.c.h; path = DTMapViewDelegate.h; sourceTree = "<group>"; };
		DBF9851B17FF2EC200A75DF1 /* DTMapViewDelegate.m */ = {isa = PBXFileReference; fileEncoding = 4; lastKnownFileType = sourcecode.c.objc; path = DTMapViewDelegate.m; sourceTree = "<group>"; };
		DBF9851D17FF300500A75DF1 /* DTLocationDelegate.h */ = {isa = PBXFileReference; fileEncoding = 4; lastKnownFileType = sourcecode.c.h; path = DTLocationDelegate.h; sourceTree = "<group>"; };
		DBF9851E17FF300500A75DF1 /* DTLocationDelegate.m */ = {isa = PBXFileReference; fileEncoding = 4; lastKnownFileType = sourcecode.c.objc; path = DTLocationDelegate.m; sourceTree = "<group>"; };
		DBF9852017FF3D2D00A75DF1 /* MapKit.framework */ = {isa = PBXFileReference; lastKnownFileType = wrapper.framework; name = MapKit.framework; path = System/Library/Frameworks/MapKit.framework; sourceTree = SDKROOT; };
		DBF9852217FF3D4400A75DF1 /* CoreLocation.framework */ = {isa = PBXFileReference; lastKnownFileType = wrapper.framework; name = CoreLocation.framework; path = System/Library/Frameworks/CoreLocation.framework; sourceTree = SDKROOT; };
		DBF9852417FF49CA00A75DF1 /* SystemConfiguration.framework */ = {isa = PBXFileReference; lastKnownFileType = wrapper.framework; name = SystemConfiguration.framework; path = System/Library/Frameworks/SystemConfiguration.framework; sourceTree = SDKROOT; };
		DBF9852617FF4A3200A75DF1 /* Reachability.h */ = {isa = PBXFileReference; fileEncoding = 4; lastKnownFileType = sourcecode.c.h; path = Reachability.h; sourceTree = "<group>"; };
		DBF9852717FF4A3200A75DF1 /* Reachability.m */ = {isa = PBXFileReference; fileEncoding = 4; lastKnownFileType = sourcecode.c.objc; path = Reachability.m; sourceTree = "<group>"; };
/* End PBXFileReference section */

/* Begin PBXFrameworksBuildPhase section */
		DBF984DA17FF2E2D00A75DF1 /* Frameworks */ = {
			isa = PBXFrameworksBuildPhase;
			buildActionMask = 2147483647;
			files = (
				DBCEAC2C18DF010500FFBAF8 /* AdSupport.framework in Frameworks */,
				DBCEAC2A18DF00EF00FFBAF8 /* libz.dylib in Frameworks */,
				DBBD662818DE600900726B9D /* iAd.framework in Frameworks */,
				DBF9852517FF49CA00A75DF1 /* SystemConfiguration.framework in Frameworks */,
				DBF9852317FF3D4400A75DF1 /* CoreLocation.framework in Frameworks */,
				DBF9852117FF3D2D00A75DF1 /* MapKit.framework in Frameworks */,
				DBF984E317FF2E2D00A75DF1 /* CoreGraphics.framework in Frameworks */,
				DBF984E717FF2E2D00A75DF1 /* CoreData.framework in Frameworks */,
				DBCEAC3718DF01F300FFBAF8 /* libGoogleAnalyticsServices.a in Frameworks */,
				DBF984E517FF2E2D00A75DF1 /* UIKit.framework in Frameworks */,
				DBF984E117FF2E2D00A75DF1 /* Foundation.framework in Frameworks */,
			);
			runOnlyForDeploymentPostprocessing = 0;
		};
		DBF984FA17FF2E2D00A75DF1 /* Frameworks */ = {
			isa = PBXFrameworksBuildPhase;
			buildActionMask = 2147483647;
			files = (
				DBF984FF17FF2E2D00A75DF1 /* XCTest.framework in Frameworks */,
				DBF9850217FF2E2D00A75DF1 /* CoreData.framework in Frameworks */,
				DBF9850117FF2E2D00A75DF1 /* UIKit.framework in Frameworks */,
				DBF9850017FF2E2D00A75DF1 /* Foundation.framework in Frameworks */,
			);
			runOnlyForDeploymentPostprocessing = 0;
		};
/* End PBXFrameworksBuildPhase section */

/* Begin PBXGroup section */
		DB102723182D4D250027BC4E /* View Controllers */ = {
			isa = PBXGroup;
			children = (
				DBF9851517FF2E3E00A75DF1 /* DTMainViewController.h */,
				DBF9851617FF2E3E00A75DF1 /* DTMainViewController.m */,
				DB2D2DCD1827EC6B00F8BD96 /* DTiPadViewController.h */,
				DB2D2DCE1827EC6B00F8BD96 /* DTiPadViewController.m */,
				DB7BEA41181F3EE5004655B2 /* DTSettingsViewController.h */,
				DB7BEA42181F3EE5004655B2 /* DTSettingsViewController.m */,
				DB102720182D4D130027BC4E /* DTOverlayDetailViewController.h */,
				DB102721182D4D130027BC4E /* DTOverlayDetailViewController.m */,
				DBCEAC2718DEF7BD00FFBAF8 /* MainStoryboard.storyboard */,
			);
			name = "View Controllers";
			sourceTree = "<group>";
		};
		DB7BEA3D181CA3B4004655B2 /* Model */ = {
			isa = PBXGroup;
			children = (
				DB7BEA3E181D81CA004655B2 /* DTMMergableOverlay.h */,
				DB7BEA3F181D81CA004655B2 /* DTMMergableOverlay.m */,
				DBF8C49918132A73001911C9 /* DTMergableCircleOverlay.h */,
				DBF8C49A18132A73001911C9 /* DTMergableCircleOverlay.m */,
			);
			name = Model;
			sourceTree = "<group>";
		};
		DBCEAC2D18DF019600FFBAF8 /* GoogleAnalytics */ = {
			isa = PBXGroup;
			children = (
				DBCEAC3618DF01F300FFBAF8 /* libGoogleAnalyticsServices.a */,
				DBCEAC2E18DF01AD00FFBAF8 /* headers */,
			);
			name = GoogleAnalytics;
			sourceTree = "<group>";
		};
		DBCEAC2E18DF01AD00FFBAF8 /* headers */ = {
			isa = PBXGroup;
			children = (
				DBCEAC2F18DF01E700FFBAF8 /* Library */,
			);
			name = headers;
			sourceTree = "<group>";
		};
		DBCEAC2F18DF01E700FFBAF8 /* Library */ = {
			isa = PBXGroup;
			children = (
				DBCEAC3018DF01E700FFBAF8 /* GAI.h */,
				DBCEAC3118DF01E700FFBAF8 /* GAIDictionaryBuilder.h */,
				DBCEAC3218DF01E700FFBAF8 /* GAIFields.h */,
				DBCEAC3318DF01E700FFBAF8 /* GAILogger.h */,
				DBCEAC3418DF01E700FFBAF8 /* GAITrackedViewController.h */,
				DBCEAC3518DF01E700FFBAF8 /* GAITracker.h */,
			);
			path = Library;
			sourceTree = "<group>";
		};
		DBF984D417FF2E2D00A75DF1 = {
			isa = PBXGroup;
			children = (
				DBCEAC2D18DF019600FFBAF8 /* GoogleAnalytics */,
				DBF984E817FF2E2D00A75DF1 /* Signal Tracker */,
				DBF9850517FF2E2D00A75DF1 /* DataTrackerTests */,
				DBF984DF17FF2E2D00A75DF1 /* Frameworks */,
				DBF984DE17FF2E2D00A75DF1 /* Products */,
			);
			sourceTree = "<group>";
		};
		DBF984DE17FF2E2D00A75DF1 /* Products */ = {
			isa = PBXGroup;
			children = (
				DBF984DD17FF2E2D00A75DF1 /* Signal Tracker.app */,
				DBF984FD17FF2E2D00A75DF1 /* Signal TrackerTests.xctest */,
			);
			name = Products;
			sourceTree = "<group>";
		};
		DBF984DF17FF2E2D00A75DF1 /* Frameworks */ = {
			isa = PBXGroup;
			children = (
				DBCEAC2B18DF010500FFBAF8 /* AdSupport.framework */,
				DBCEAC2918DF00EF00FFBAF8 /* libz.dylib */,
				DBBD662718DE600900726B9D /* iAd.framework */,
				DBF9852417FF49CA00A75DF1 /* SystemConfiguration.framework */,
				DBF9852217FF3D4400A75DF1 /* CoreLocation.framework */,
				DBF9852017FF3D2D00A75DF1 /* MapKit.framework */,
				DBF984E017FF2E2D00A75DF1 /* Foundation.framework */,
				DBF984E217FF2E2D00A75DF1 /* CoreGraphics.framework */,
				DBF984E417FF2E2D00A75DF1 /* UIKit.framework */,
				DBF984E617FF2E2D00A75DF1 /* CoreData.framework */,
				DBF984FE17FF2E2D00A75DF1 /* XCTest.framework */,
			);
			name = Frameworks;
			sourceTree = "<group>";
		};
		DBF984E817FF2E2D00A75DF1 /* Signal Tracker */ = {
			isa = PBXGroup;
			children = (
				DBCF2832182ED302000A5A4B /* Signal Tracker.entitlements */,
				DBF9852617FF4A3200A75DF1 /* Reachability.h */,
				DBF9852717FF4A3200A75DF1 /* Reachability.m */,
				DBF984F117FF2E2D00A75DF1 /* DTAppDelegate.h */,
				DBF984F217FF2E2D00A75DF1 /* DTAppDelegate.m */,
				DB102723182D4D250027BC4E /* View Controllers */,
				DBF984F717FF2E2D00A75DF1 /* Images.xcassets */,
				DBF984F417FF2E2D00A75DF1 /* DataTracker.xcdatamodeld */,
				DB7BEA3D181CA3B4004655B2 /* Model */,
				DBF984E917FF2E2D00A75DF1 /* Supporting Files */,
				DBF9851A17FF2EC200A75DF1 /* DTMapViewDelegate.h */,
				DBF9851B17FF2EC200A75DF1 /* DTMapViewDelegate.m */,
				DBF8C49C18134454001911C9 /* DTMergableRenderer.h */,
				DBF8C49D18134454001911C9 /* DTMergableRenderer.m */,
				DBF9851D17FF300500A75DF1 /* DTLocationDelegate.h */,
				DBF9851E17FF300500A75DF1 /* DTLocationDelegate.m */,
				DB9525E217FF81DD00D09B9E /* DTSpeedTester.h */,
				DB9525E317FF81DD00D09B9E /* DTSpeedTester.m */,
				DB557E71183261D9004C94D5 /* DTImprovedSpeedTester.h */,
				DB557E72183261D9004C94D5 /* DTImprovedSpeedTester.m */,
			);
			name = "Signal Tracker";
			path = DataTracker;
			sourceTree = "<group>";
		};
		DBF984E917FF2E2D00A75DF1 /* Supporting Files */ = {
			isa = PBXGroup;
			children = (
				DBF984EA17FF2E2D00A75DF1 /* Signal Tracker-Info.plist */,
				DBF984EB17FF2E2D00A75DF1 /* InfoPlist.strings */,
				DBF984EE17FF2E2D00A75DF1 /* main.m */,
				DBF984F017FF2E2D00A75DF1 /* Signal Tracker-Prefix.pch */,
			);
			name = "Supporting Files";
			sourceTree = "<group>";
		};
		DBF9850517FF2E2D00A75DF1 /* DataTrackerTests */ = {
			isa = PBXGroup;
			children = (
				DBF9850B17FF2E2E00A75DF1 /* DataTrackerTests.m */,
				DBF9850617FF2E2E00A75DF1 /* Supporting Files */,
			);
			path = DataTrackerTests;
			sourceTree = "<group>";
		};
		DBF9850617FF2E2E00A75DF1 /* Supporting Files */ = {
			isa = PBXGroup;
			children = (
				DBF9850717FF2E2E00A75DF1 /* Signal TrackerTests-Info.plist */,
				DBF9850817FF2E2E00A75DF1 /* InfoPlist.strings */,
			);
			name = "Supporting Files";
			sourceTree = "<group>";
		};
/* End PBXGroup section */

/* Begin PBXNativeTarget section */
		DBF984DC17FF2E2D00A75DF1 /* Signal Tracker */ = {
			isa = PBXNativeTarget;
			buildConfigurationList = DBF9850F17FF2E2E00A75DF1 /* Build configuration list for PBXNativeTarget "Signal Tracker" */;
			buildPhases = (
				DBF984D917FF2E2D00A75DF1 /* Sources */,
				DBF984DA17FF2E2D00A75DF1 /* Frameworks */,
				DBF984DB17FF2E2D00A75DF1 /* Resources */,
			);
			buildRules = (
			);
			dependencies = (
			);
			name = "Signal Tracker";
			productName = DataTracker;
			productReference = DBF984DD17FF2E2D00A75DF1 /* Signal Tracker.app */;
			productType = "com.apple.product-type.application";
		};
		DBF984FC17FF2E2D00A75DF1 /* Signal TrackerTests */ = {
			isa = PBXNativeTarget;
			buildConfigurationList = DBF9851217FF2E2E00A75DF1 /* Build configuration list for PBXNativeTarget "Signal TrackerTests" */;
			buildPhases = (
				DBF984F917FF2E2D00A75DF1 /* Sources */,
				DBF984FA17FF2E2D00A75DF1 /* Frameworks */,
				DBF984FB17FF2E2D00A75DF1 /* Resources */,
			);
			buildRules = (
			);
			dependencies = (
				DBF9850417FF2E2D00A75DF1 /* PBXTargetDependency */,
			);
			name = "Signal TrackerTests";
			productName = DataTrackerTests;
			productReference = DBF984FD17FF2E2D00A75DF1 /* Signal TrackerTests.xctest */;
			productType = "com.apple.product-type.bundle.unit-test";
		};
/* End PBXNativeTarget section */

/* Begin PBXProject section */
		DBF984D517FF2E2D00A75DF1 /* Project object */ = {
			isa = PBXProject;
			attributes = {
				CLASSPREFIX = DT;
				LastUpgradeCheck = 0500;
				ORGANIZATIONNAME = "Thomas Wilson";
				TargetAttributes = {
					DBF984DC17FF2E2D00A75DF1 = {
						DevelopmentTeam = BQ2U65ZE29;
						SystemCapabilities = {
							com.apple.BackgroundModes = {
								enabled = 1;
							};
							com.apple.iCloud = {
								enabled = 1;
							};
							com.apple.iOS = {
								enabled = 1;
							};
						};
					};
					DBF984FC17FF2E2D00A75DF1 = {
						TestTargetID = DBF984DC17FF2E2D00A75DF1;
					};
				};
			};
			buildConfigurationList = DBF984D817FF2E2D00A75DF1 /* Build configuration list for PBXProject "Signal Tracker" */;
			compatibilityVersion = "Xcode 3.2";
			developmentRegion = English;
			hasScannedForEncodings = 0;
			knownRegions = (
				en,
			);
			mainGroup = DBF984D417FF2E2D00A75DF1;
			productRefGroup = DBF984DE17FF2E2D00A75DF1 /* Products */;
			projectDirPath = "";
			projectRoot = "";
			targets = (
				DBF984DC17FF2E2D00A75DF1 /* Signal Tracker */,
				DBF984FC17FF2E2D00A75DF1 /* Signal TrackerTests */,
			);
		};
/* End PBXProject section */

/* Begin PBXResourcesBuildPhase section */
		DBF984DB17FF2E2D00A75DF1 /* Resources */ = {
			isa = PBXResourcesBuildPhase;
			buildActionMask = 2147483647;
			files = (
				DBCEAC2818DEF7BD00FFBAF8 /* MainStoryboard.storyboard in Resources */,
				DBF984ED17FF2E2D00A75DF1 /* InfoPlist.strings in Resources */,
				DBF984F817FF2E2D00A75DF1 /* Images.xcassets in Resources */,
			);
			runOnlyForDeploymentPostprocessing = 0;
		};
		DBF984FB17FF2E2D00A75DF1 /* Resources */ = {
			isa = PBXResourcesBuildPhase;
			buildActionMask = 2147483647;
			files = (
				DBF9850A17FF2E2E00A75DF1 /* InfoPlist.strings in Resources */,
			);
			runOnlyForDeploymentPostprocessing = 0;
		};
/* End PBXResourcesBuildPhase section */

/* Begin PBXSourcesBuildPhase section */
		DBF984D917FF2E2D00A75DF1 /* Sources */ = {
			isa = PBXSourcesBuildPhase;
			buildActionMask = 2147483647;
			files = (
				DBF984F317FF2E2D00A75DF1 /* DTAppDelegate.m in Sources */,
				DBF8C49B18132A73001911C9 /* DTMergableCircleOverlay.m in Sources */,
				DBF9851717FF2E3E00A75DF1 /* DTMainViewController.m in Sources */,
				DB9525E417FF81DD00D09B9E /* DTSpeedTester.m in Sources */,
				DBF9851C17FF2EC200A75DF1 /* DTMapViewDelegate.m in Sources */,
				DBF8C49E18134454001911C9 /* DTMergableRenderer.m in Sources */,
				DB2D2DCF1827EC6B00F8BD96 /* DTiPadViewController.m in Sources */,
				DBF9852817FF4A3200A75DF1 /* Reachability.m in Sources */,
				DB102722182D4D130027BC4E /* DTOverlayDetailViewController.m in Sources */,
				DBF984F617FF2E2D00A75DF1 /* DataTracker.xcdatamodeld in Sources */,
				DB557E73183261D9004C94D5 /* DTImprovedSpeedTester.m in Sources */,
				DBF984EF17FF2E2D00A75DF1 /* main.m in Sources */,
				DB7BEA43181F3EE5004655B2 /* DTSettingsViewController.m in Sources */,
				DBF9851F17FF300500A75DF1 /* DTLocationDelegate.m in Sources */,
				DB7BEA40181D81CA004655B2 /* DTMMergableOverlay.m in Sources */,
			);
			runOnlyForDeploymentPostprocessing = 0;
		};
		DBF984F917FF2E2D00A75DF1 /* Sources */ = {
			isa = PBXSourcesBuildPhase;
			buildActionMask = 2147483647;
			files = (
				DBF9850C17FF2E2E00A75DF1 /* DataTrackerTests.m in Sources */,
			);
			runOnlyForDeploymentPostprocessing = 0;
		};
/* End PBXSourcesBuildPhase section */

/* Begin PBXTargetDependency section */
		DBF9850417FF2E2D00A75DF1 /* PBXTargetDependency */ = {
			isa = PBXTargetDependency;
			target = DBF984DC17FF2E2D00A75DF1 /* Signal Tracker */;
			targetProxy = DBF9850317FF2E2D00A75DF1 /* PBXContainerItemProxy */;
		};
/* End PBXTargetDependency section */

/* Begin PBXVariantGroup section */
		DBF984EB17FF2E2D00A75DF1 /* InfoPlist.strings */ = {
			isa = PBXVariantGroup;
			children = (
				DBF984EC17FF2E2D00A75DF1 /* en */,
			);
			name = InfoPlist.strings;
			sourceTree = "<group>";
		};
		DBF9850817FF2E2E00A75DF1 /* InfoPlist.strings */ = {
			isa = PBXVariantGroup;
			children = (
				DBF9850917FF2E2E00A75DF1 /* en */,
			);
			name = InfoPlist.strings;
			sourceTree = "<group>";
		};
/* End PBXVariantGroup section */

/* Begin XCBuildConfiguration section */
		DBF9850D17FF2E2E00A75DF1 /* Debug */ = {
			isa = XCBuildConfiguration;
			buildSettings = {
				ALWAYS_SEARCH_USER_PATHS = NO;
				ARCHS = "$(ARCHS_STANDARD_INCLUDING_64_BIT)";
				CLANG_CXX_LANGUAGE_STANDARD = "gnu++0x";
				CLANG_CXX_LIBRARY = "libc++";
				CLANG_ENABLE_MODULES = YES;
				CLANG_ENABLE_OBJC_ARC = YES;
				CLANG_WARN_BOOL_CONVERSION = YES;
				CLANG_WARN_CONSTANT_CONVERSION = YES;
				CLANG_WARN_DIRECT_OBJC_ISA_USAGE = YES_ERROR;
				CLANG_WARN_EMPTY_BODY = YES;
				CLANG_WARN_ENUM_CONVERSION = YES;
				CLANG_WARN_INT_CONVERSION = YES;
				CLANG_WARN_OBJC_ROOT_CLASS = YES_ERROR;
				CLANG_WARN__DUPLICATE_METHOD_MATCH = YES;
				"CODE_SIGN_IDENTITY[sdk=iphoneos*]" = "iPhone Developer";
				COPY_PHASE_STRIP = NO;
				GCC_C_LANGUAGE_STANDARD = gnu99;
				GCC_DYNAMIC_NO_PIC = NO;
				GCC_OPTIMIZATION_LEVEL = 0;
				GCC_PREPROCESSOR_DEFINITIONS = (
					"DEBUG=1",
					"$(inherited)",
				);
				GCC_SYMBOLS_PRIVATE_EXTERN = NO;
				GCC_WARN_64_TO_32_BIT_CONVERSION = YES;
				GCC_WARN_ABOUT_RETURN_TYPE = YES_ERROR;
				GCC_WARN_UNDECLARED_SELECTOR = YES;
				GCC_WARN_UNINITIALIZED_AUTOS = YES;
				GCC_WARN_UNUSED_FUNCTION = YES;
				GCC_WARN_UNUSED_VARIABLE = YES;
				IPHONEOS_DEPLOYMENT_TARGET = 7.0;
				ONLY_ACTIVE_ARCH = YES;
				SDKROOT = iphoneos;
			};
			name = Debug;
		};
		DBF9850E17FF2E2E00A75DF1 /* Release */ = {
			isa = XCBuildConfiguration;
			buildSettings = {
				ALWAYS_SEARCH_USER_PATHS = NO;
				ARCHS = "$(ARCHS_STANDARD_INCLUDING_64_BIT)";
				CLANG_CXX_LANGUAGE_STANDARD = "gnu++0x";
				CLANG_CXX_LIBRARY = "libc++";
				CLANG_ENABLE_MODULES = YES;
				CLANG_ENABLE_OBJC_ARC = YES;
				CLANG_WARN_BOOL_CONVERSION = YES;
				CLANG_WARN_CONSTANT_CONVERSION = YES;
				CLANG_WARN_DIRECT_OBJC_ISA_USAGE = YES_ERROR;
				CLANG_WARN_EMPTY_BODY = YES;
				CLANG_WARN_ENUM_CONVERSION = YES;
				CLANG_WARN_INT_CONVERSION = YES;
				CLANG_WARN_OBJC_ROOT_CLASS = YES_ERROR;
				CLANG_WARN__DUPLICATE_METHOD_MATCH = YES;
				"CODE_SIGN_IDENTITY[sdk=iphoneos*]" = "iPhone Developer";
				COPY_PHASE_STRIP = YES;
				ENABLE_NS_ASSERTIONS = NO;
				GCC_C_LANGUAGE_STANDARD = gnu99;
				GCC_WARN_64_TO_32_BIT_CONVERSION = YES;
				GCC_WARN_ABOUT_RETURN_TYPE = YES_ERROR;
				GCC_WARN_UNDECLARED_SELECTOR = YES;
				GCC_WARN_UNINITIALIZED_AUTOS = YES;
				GCC_WARN_UNUSED_FUNCTION = YES;
				GCC_WARN_UNUSED_VARIABLE = YES;
				IPHONEOS_DEPLOYMENT_TARGET = 7.0;
				SDKROOT = iphoneos;
				VALIDATE_PRODUCT = YES;
			};
			name = Release;
		};
		DBF9851017FF2E2E00A75DF1 /* Debug */ = {
			isa = XCBuildConfiguration;
			buildSettings = {
				ASSETCATALOG_COMPILER_APPICON_NAME = AppIcon;
				ASSETCATALOG_COMPILER_LAUNCHIMAGE_NAME = LaunchImage;
				CODE_SIGN_ENTITLEMENTS = "Signal Tracker.entitlements";
				CODE_SIGN_IDENTITY = "iPhone Developer";
				"CODE_SIGN_IDENTITY[sdk=iphoneos*]" = "iPhone Developer";
				GCC_PRECOMPILE_PREFIX_HEADER = YES;
				GCC_PREFIX_HEADER = "DataTracker/Signal Tracker-Prefix.pch";
				INFOPLIST_FILE = "DataTracker/Signal Tracker-Info.plist";
				IPHONEOS_DEPLOYMENT_TARGET = 7.0;
				LIBRARY_SEARCH_PATHS = (
					"$(inherited)",
					"$(PROJECT_DIR)",
				);
				PRODUCT_NAME = "Signal Tracker";
				PROVISIONING_PROFILE = "";
				TARGETED_DEVICE_FAMILY = 1;
				WRAPPER_EXTENSION = app;
			};
			name = Debug;
		};
		DBF9851117FF2E2E00A75DF1 /* Release */ = {
			isa = XCBuildConfiguration;
			buildSettings = {
				ASSETCATALOG_COMPILER_APPICON_NAME = AppIcon;
				ASSETCATALOG_COMPILER_LAUNCHIMAGE_NAME = LaunchImage;
				CODE_SIGN_ENTITLEMENTS = "Signal Tracker.entitlements";
				CODE_SIGN_IDENTITY = "iPhone Developer";
				"CODE_SIGN_IDENTITY[sdk=iphoneos*]" = "iPhone Developer";
				GCC_PRECOMPILE_PREFIX_HEADER = YES;
				GCC_PREFIX_HEADER = "DataTracker/Signal Tracker-Prefix.pch";
				INFOPLIST_FILE = "DataTracker/Signal Tracker-Info.plist";
				IPHONEOS_DEPLOYMENT_TARGET = 7.0;
				LIBRARY_SEARCH_PATHS = (
					"$(inherited)",
					"$(PROJECT_DIR)",
				);
				PRODUCT_NAME = "Signal Tracker";
				PROVISIONING_PROFILE = "";
				TARGETED_DEVICE_FAMILY = 1;
				WRAPPER_EXTENSION = app;
			};
			name = Release;
		};
		DBF9851317FF2E2E00A75DF1 /* Debug */ = {
			isa = XCBuildConfiguration;
			buildSettings = {
				ARCHS = "$(ARCHS_STANDARD_INCLUDING_64_BIT)";
				BUNDLE_LOADER = "$(BUILT_PRODUCTS_DIR)/DataTracker.app/DataTracker";
				FRAMEWORK_SEARCH_PATHS = (
					"$(SDKROOT)/Developer/Library/Frameworks",
					"$(inherited)",
					"$(DEVELOPER_FRAMEWORKS_DIR)",
				);
				GCC_PRECOMPILE_PREFIX_HEADER = YES;
				GCC_PREFIX_HEADER = "DataTracker/DataTracker-Prefix.pch";
				GCC_PREPROCESSOR_DEFINITIONS = (
					"DEBUG=1",
					"$(inherited)",
				);
				INFOPLIST_FILE = "DataTrackerTests/Signal TrackerTests-Info.plist";
				PRODUCT_NAME = "Signal TrackerTests";
				TEST_HOST = "$(BUNDLE_LOADER)";
				WRAPPER_EXTENSION = xctest;
			};
			name = Debug;
		};
		DBF9851417FF2E2E00A75DF1 /* Release */ = {
			isa = XCBuildConfiguration;
			buildSettings = {
				ARCHS = "$(ARCHS_STANDARD_INCLUDING_64_BIT)";
				BUNDLE_LOADER = "$(BUILT_PRODUCTS_DIR)/DataTracker.app/DataTracker";
				FRAMEWORK_SEARCH_PATHS = (
					"$(SDKROOT)/Developer/Library/Frameworks",
					"$(inherited)",
					"$(DEVELOPER_FRAMEWORKS_DIR)",
				);
				GCC_PRECOMPILE_PREFIX_HEADER = YES;
				GCC_PREFIX_HEADER = "DataTracker/DataTracker-Prefix.pch";
				INFOPLIST_FILE = "DataTrackerTests/Signal TrackerTests-Info.plist";
				PRODUCT_NAME = "Signal TrackerTests";
				TEST_HOST = "$(BUNDLE_LOADER)";
				WRAPPER_EXTENSION = xctest;
			};
			name = Release;
		};
/* End XCBuildConfiguration section */

/* Begin XCConfigurationList section */
		DBF984D817FF2E2D00A75DF1 /* Build configuration list for PBXProject "Signal Tracker" */ = {
			isa = XCConfigurationList;
			buildConfigurations = (
				DBF9850D17FF2E2E00A75DF1 /* Debug */,
				DBF9850E17FF2E2E00A75DF1 /* Release */,
			);
			defaultConfigurationIsVisible = 0;
			defaultConfigurationName = Release;
		};
		DBF9850F17FF2E2E00A75DF1 /* Build configuration list for PBXNativeTarget "Signal Tracker" */ = {
			isa = XCConfigurationList;
			buildConfigurations = (
				DBF9851017FF2E2E00A75DF1 /* Debug */,
				DBF9851117FF2E2E00A75DF1 /* Release */,
			);
			defaultConfigurationIsVisible = 0;
			defaultConfigurationName = Release;
		};
		DBF9851217FF2E2E00A75DF1 /* Build configuration list for PBXNativeTarget "Signal TrackerTests" */ = {
			isa = XCConfigurationList;
			buildConfigurations = (
				DBF9851317FF2E2E00A75DF1 /* Debug */,
				DBF9851417FF2E2E00A75DF1 /* Release */,
			);
			defaultConfigurationIsVisible = 0;
			defaultConfigurationName = Release;
		};
/* End XCConfigurationList section */

/* Begin XCVersionGroup section */
		DBF984F417FF2E2D00A75DF1 /* DataTracker.xcdatamodeld */ = {
			isa = XCVersionGroup;
			children = (
				DBF984F517FF2E2D00A75DF1 /* DataTracker.xcdatamodel */,
			);
			currentVersion = DBF984F517FF2E2D00A75DF1 /* DataTracker.xcdatamodel */;
			path = DataTracker.xcdatamodeld;
			sourceTree = "<group>";
			versionGroupType = wrapper.xcdatamodel;
		};
/* End XCVersionGroup section */
	};
	rootObject = DBF984D517FF2E2D00A75DF1 /* Project object */;
}
